// !$*UTF8*$!
{
	archiveVersion = 1;
	classes = {
	};
	objectVersion = 56;
	objects = {

/* Begin PBXBuildFile section */
		1A2B3C4D5E6F7A8B9C0D1E2F /* PantryApp.swift in Sources */ = {isa = PBXBuildFile; fileRef = 1A2B3C4D5E6F7A8B9C0D1E3F /* PantryApp.swift */; };
		2A2B3C4D5E6F7A8B9C0D1E2F /* ContentView.swift in Sources */ = {isa = PBXBuildFile; fileRef = 2A2B3C4D5E6F7A8B9C0D1E3F /* ContentView.swift */; };
		3A2B3C4D5E6F7A8B9C0D1E2F /* AddIngredientView.swift in Sources */ = {isa = PBXBuildFile; fileRef = 3A2B3C4D5E6F7A8B9C0D1E3F /* AddIngredientView.swift */; };
		4A2B3C4D5E6F7A8B9C0D1E2F /* MealPlanResultView.swift in Sources */ = {isa = PBXBuildFile; fileRef = 4A2B3C4D5E6F7A8B9C0D1E3F /* MealPlanResultView.swift */; };
		5A2B3C4D5E6F7A8B9C0D1E2F /* Ingredient.swift in Sources */ = {isa = PBXBuildFile; fileRef = 5A2B3C4D5E6F7A8B9C0D1E3F /* Ingredient.swift */; };
		6A2B3C4D5E6F7A8B9C0D1E2F /* MealPlan.swift in Sources */ = {isa = PBXBuildFile; fileRef = 6A2B3C4D5E6F7A8B9C0D1E3F /* MealPlan.swift */; };
		7A2B3C4D5E6F7A8B9C0D1E2F /* PantryService.swift in Sources */ = {isa = PBXBuildFile; fileRef = 7A2B3C4D5E6F7A8B9C0D1E3F /* PantryService.swift */; };
		8A2B3C4D5E6F7A8B9C0D1E2F /* Supabase in Frameworks */ = {isa = PBXBuildFile; productRef = 2A2B3C4D5E6F7A8B9C0D1EAF /* Supabase */; };
/* End PBXBuildFile section */

/* Begin PBXFileReference section */
		1A2B3C4D5E6F7A8B9C0D1E3F /* PantryApp.swift */ = {isa = PBXFileReference; lastKnownFileType = sourcecode.swift; path = PantryApp.swift; sourceTree = "<group>"; };
		2A2B3C4D5E6F7A8B9C0D1E3F /* ContentView.swift */ = {isa = PBXFileReference; lastKnownFileType = sourcecode.swift; path = ContentView.swift; sourceTree = "<group>"; };
		3A2B3C4D5E6F7A8B9C0D1E3F /* AddIngredientView.swift */ = {isa = PBXFileReference; lastKnownFileType = sourcecode.swift; path = AddIngredientView.swift; sourceTree = "<group>"; };
		4A2B3C4D5E6F7A8B9C0D1E3F /* MealPlanResultView.swift */ = {isa = PBXFileReference; lastKnownFileType = sourcecode.swift; path = MealPlanResultView.swift; sourceTree = "<group>"; };
		5A2B3C4D5E6F7A8B9C0D1E3F /* Ingredient.swift */ = {isa = PBXFileReference; lastKnownFileType = sourcecode.swift; path = Ingredient.swift; sourceTree = "<group>"; };
		6A2B3C4D5E6F7A8B9C0D1E3F /* MealPlan.swift */ = {isa = PBXFileReference; lastKnownFileType = sourcecode.swift; path = MealPlan.swift; sourceTree = "<group>"; };
		7A2B3C4D5E6F7A8B9C0D1E3F /* PantryService.swift */ = {isa = PBXFileReference; lastKnownFileType = sourcecode.swift; path = PantryService.swift; sourceTree = "<group>"; };
		8A2B3C4D5E6F7A8B9C0D1E3F /* Info.plist */ = {isa = PBXFileReference; lastKnownFileType = text.plist.xml; path = Info.plist; sourceTree = "<group>"; };
		9A2B3C4D5E6F7A8B9C0D1E3F /* Pantry-UI.app */ = {isa = PBXFileReference; explicitFileType = wrapper.application; includeInIndex = 0; path = "Pantry-UI.app"; sourceTree = BUILT_PRODUCTS_DIR; };
		AA2B3C4D5E6F7A8B9C0D1E3F /* Config.xcconfig */ = {isa = PBXFileReference; lastKnownFileType = text.xcconfig; name = Config.xcconfig; path = ../Config.xcconfig; sourceTree = SOURCE_ROOT; };
/* End PBXFileReference section */

/* Begin PBXFrameworksBuildPhase section */
		2A2B3C4D5E6F7A8B9C0D1E6F /* Frameworks */ = {
			isa = PBXFrameworksBuildPhase;
			buildActionMask = 2147483647;
			files = (
				8A2B3C4D5E6F7A8B9C0D1E2F /* Supabase in Frameworks */,
			);
			runOnlyForDeploymentPostprocessing = 0;
		};
/* End PBXFrameworksBuildPhase section */

/* Begin PBXGroup section */
		6A2B3C4D5E6F7A8B9C0D1E4F = {
			isa = PBXGroup;
			children = (
				1A2B3C4D5E6F7A8B9C0D1E4F /* Pantry-UI */,
				2A2B3C4D5E6F7A8B9C0D1E4F /* Products */,
				AA2B3C4D5E6F7A8B9C0D1E3F /* Config.xcconfig */,
			);
			sourceTree = "<group>";
		};
		1A2B3C4D5E6F7A8B9C0D1E4F /* Pantry-UI */ = {
			isa = PBXGroup;
			children = (
				1A2B3C4D5E6F7A8B9C0D1E3F /* PantryApp.swift */,
				8A2B3C4D5E6F7A8B9C0D1E3F /* Info.plist */,
				3A2B3C4D5E6F7A8B9C0D1E4F /* Models */,
				4A2B3C4D5E6F7A8B9C0D1E4F /* Services */,
				5A2B3C4D5E6F7A8B9C0D1E4F /* Views */,
			);
			path = "Pantry-UI";
			sourceTree = "<group>";
		};
		2A2B3C4D5E6F7A8B9C0D1E4F /* Products */ = {
			isa = PBXGroup;
			children = (
				9A2B3C4D5E6F7A8B9C0D1E3F /* Pantry-UI.app */,
			);
			name = Products;
			sourceTree = "<group>";
		};
		3A2B3C4D5E6F7A8B9C0D1E4F /* Models */ = {
			isa = PBXGroup;
			children = (
				5A2B3C4D5E6F7A8B9C0D1E3F /* Ingredient.swift */,
				6A2B3C4D5E6F7A8B9C0D1E3F /* MealPlan.swift */,
			);
			path = Models;
			sourceTree = "<group>";
		};
		4A2B3C4D5E6F7A8B9C0D1E4F /* Services */ = {
			isa = PBXGroup;
			children = (
				7A2B3C4D5E6F7A8B9C0D1E3F /* PantryService.swift */,
			);
			path = Services;
			sourceTree = "<group>";
		};
		5A2B3C4D5E6F7A8B9C0D1E4F /* Views */ = {
			isa = PBXGroup;
			children = (
				2A2B3C4D5E6F7A8B9C0D1E3F /* ContentView.swift */,
				3A2B3C4D5E6F7A8B9C0D1E3F /* AddIngredientView.swift */,
				4A2B3C4D5E6F7A8B9C0D1E3F /* MealPlanResultView.swift */,
			);
			path = Views;
			sourceTree = "<group>";
		};
/* End PBXGroup section */

/* Begin PBXNativeTarget section */
		1A2B3C4D5E6F7A8B9C0D1E5F /* Pantry-UI */ = {
			isa = PBXNativeTarget;
			buildConfigurationList = 2A2B3C4D5E6F7A8B9C0D1E8F /* Build configuration list for PBXNativeTarget "Pantry-UI" */;
			buildPhases = (
				1A2B3C4D5E6F7A8B9C0D1E6F /* Sources */,
				2A2B3C4D5E6F7A8B9C0D1E6F /* Frameworks */,
				3A2B3C4D5E6F7A8B9C0D1E6F /* Resources */,
			);
			buildRules = (
			);
			dependencies = (
			);
			name = "Pantry-UI";
			packageProductDependencies = (
				2A2B3C4D5E6F7A8B9C0D1EAF /* Supabase */,
			);
			productName = "Pantry-UI";
			productReference = 9A2B3C4D5E6F7A8B9C0D1E3F /* Pantry-UI.app */;
			productType = "com.apple.product-type.application";
		};
/* End PBXNativeTarget section */

/* Begin PBXProject section */
		1A2B3C4D5E6F7A8B9C0D1E9F /* Project object */ = {
			isa = PBXProject;
			attributes = {
				BuildIndependentTargetsInParallel = 1;
				LastSwiftUpdateCheck = 1600;
				LastUpgradeCheck = 1600;
				TargetAttributes = {
					1A2B3C4D5E6F7A8B9C0D1E5F = {
						CreatedOnToolsVersion = 16.0;
					};
				};
			};
			buildConfigurationList = 1A2B3C4D5E6F7A8B9C0D1E8F /* Build configuration list for PBXProject "Pantry-UI" */;
			compatibilityVersion = "Xcode 14.0";
			developmentRegion = en;
			hasScannedForEncodings = 0;
			knownRegions = (
				en,
				Base,
			);
			mainGroup = 6A2B3C4D5E6F7A8B9C0D1E4F;
			packageReferences = (
				1A2B3C4D5E6F7A8B9C0D1EAF /* XCRemoteSwiftPackageReference "supabase-swift" */,
			);
			productRefGroup = 2A2B3C4D5E6F7A8B9C0D1E4F /* Products */;
			projectDirPath = "";
			projectRoot = "";
			targets = (
				1A2B3C4D5E6F7A8B9C0D1E5F /* Pantry-UI */,
			);
		};
/* End PBXProject section */

/* Begin PBXResourcesBuildPhase section */
		3A2B3C4D5E6F7A8B9C0D1E6F /* Resources */ = {
			isa = PBXResourcesBuildPhase;
			buildActionMask = 2147483647;
			files = (
			);
			runOnlyForDeploymentPostprocessing = 0;
		};
/* End PBXResourcesBuildPhase section */

/* Begin PBXSourcesBuildPhase section */
		1A2B3C4D5E6F7A8B9C0D1E6F /* Sources */ = {
			isa = PBXSourcesBuildPhase;
			buildActionMask = 2147483647;
			files = (
				1A2B3C4D5E6F7A8B9C0D1E2F /* PantryApp.swift in Sources */,
				5A2B3C4D5E6F7A8B9C0D1E2F /* Ingredient.swift in Sources */,
				6A2B3C4D5E6F7A8B9C0D1E2F /* MealPlan.swift in Sources */,
				7A2B3C4D5E6F7A8B9C0D1E2F /* PantryService.swift in Sources */,
				2A2B3C4D5E6F7A8B9C0D1E2F /* ContentView.swift in Sources */,
				3A2B3C4D5E6F7A8B9C0D1E2F /* AddIngredientView.swift in Sources */,
				4A2B3C4D5E6F7A8B9C0D1E2F /* MealPlanResultView.swift in Sources */,
			);
			runOnlyForDeploymentPostprocessing = 0;
		};
/* End PBXSourcesBuildPhase section */

/* Begin XCBuildConfiguration section */
		1A2B3C4D5E6F7A8B9C0D1E7F /* Debug */ = {
			isa = XCBuildConfiguration;
			buildSettings = {
				ALWAYS_SEARCH_USER_PATHS = NO;
				CLANG_ANALYZER_NONNULL = YES;
				CLANG_ANALYZER_NUMBER_OBJECT_CONVERSION = YES_AGGRESSIVE;
				CLANG_CXX_LANGUAGE_STANDARD = "gnu++20";
				CLANG_ENABLE_MODULES = YES;
				CLANG_ENABLE_OBJC_ARC = YES;
				CLANG_ENABLE_OBJC_WEAK = YES;
				CLANG_WARN_BLOCK_CAPTURE_AUTORELEASING = YES;
				CLANG_WARN_BOOL_CONVERSION = YES;
				CLANG_WARN_COMMA = YES;
				CLANG_WARN_CONSTANT_CONVERSION = YES;
				CLANG_WARN_DEPRECATED_OBJC_IMPLEMENTATIONS = YES;
				CLANG_WARN_DIRECT_OBJC_ISA_USAGE = YES_ERROR;
				CLANG_WARN_DOCUMENTATION_COMMENTS = YES;
				CLANG_WARN_EMPTY_BODY = YES;
				CLANG_WARN_ENUM_CONVERSION = YES;
				CLANG_WARN_INFINITE_RECURSION = YES;
				CLANG_WARN_INT_CONVERSION = YES;
				CLANG_WARN_NON_LITERAL_NULL_CONVERSION = YES;
				CLANG_WARN_OBJC_IMPLICIT_RETAIN_SELF = YES;
				CLANG_WARN_OBJC_LITERAL_CONVERSION = YES;
				CLANG_WARN_OBJC_ROOT_CLASS = YES_ERROR;
				CLANG_WARN_QUOTED_INCLUDE_IN_FRAMEWORK_HEADER = YES;
				CLANG_WARN_RANGE_LOOP_ANALYSIS = YES;
				CLANG_WARN_STRICT_PROTOTYPES = YES;
				CLANG_WARN_SUSPICIOUS_MOVE = YES;
				CLANG_WARN_UNGUARDED_AVAILABILITY = YES_AGGRESSIVE;
				CLANG_WARN_UNREACHABLE_CODE = YES;
				CLANG_WARN__DUPLICATE_METHOD_MATCH = YES;
				COPY_PHASE_STRIP = NO;
				DEBUG_INFORMATION_FORMAT = dwarf;
				ENABLE_STRICT_OBJC_MSGSEND = YES;
				ENABLE_TESTABILITY = YES;
				ENABLE_USER_SCRIPT_SANDBOXING = YES;
				GCC_C_LANGUAGE_STANDARD = gnu17;
				GCC_DYNAMIC_NO_PIC = NO;
				GCC_NO_COMMON_BLOCKS = YES;
				GCC_OPTIMIZATION_LEVEL = 0;
				GCC_PREPROCESSOR_DEFINITIONS = (
					"DEBUG=1",
					"$(inherited)",
				);
				GCC_WARN_64_TO_32_BIT_CONVERSION = YES;
				GCC_WARN_ABOUT_RETURN_TYPE = YES_ERROR;
				GCC_WARN_UNDECLARED_SELECTOR = YES;
				GCC_WARN_UNINITIALIZED_AUTOS = YES_AGGRESSIVE;
				GCC_WARN_UNUSED_FUNCTION = YES;
				GCC_WARN_UNUSED_VARIABLE = YES;
				IPHONEOS_DEPLOYMENT_TARGET = 17.0;
				MTL_ENABLE_DEBUG_INFO = INCLUDE_SOURCE;
				MTL_FAST_MATH = YES;
				ONLY_ACTIVE_ARCH = YES;
				SDKROOT = iphoneos;
				SWIFT_ACTIVE_COMPILATION_CONDITIONS = "DEBUG $(inherited)";
				SWIFT_OPTIMIZATION_LEVEL = "-Onone";
			};
			name = Debug;
		};
		2A2B3C4D5E6F7A8B9C0D1E7F /* Release */ = {
			isa = XCBuildConfiguration;
			buildSettings = {
				ALWAYS_SEARCH_USER_PATHS = NO;
				CLANG_ANALYZER_NONNULL = YES;
				CLANG_ANALYZER_NUMBER_OBJECT_CONVERSION = YES_AGGRESSIVE;
				CLANG_CXX_LANGUAGE_STANDARD = "gnu++20";
				CLANG_ENABLE_MODULES = YES;
				CLANG_ENABLE_OBJC_ARC = YES;
				CLANG_ENABLE_OBJC_WEAK = YES;
				CLANG_WARN_BLOCK_CAPTURE_AUTORELEASING = YES;
				CLANG_WARN_BOOL_CONVERSION = YES;
				CLANG_WARN_COMMA = YES;
				CLANG_WARN_CONSTANT_CONVERSION = YES;
				CLANG_WARN_DEPRECATED_OBJC_IMPLEMENTATIONS = YES;
				CLANG_WARN_DIRECT_OBJC_ISA_USAGE = YES_ERROR;
				CLANG_WARN_DOCUMENTATION_COMMENTS = YES;
				CLANG_WARN_EMPTY_BODY = YES;
				CLANG_WARN_ENUM_CONVERSION = YES;
				CLANG_WARN_INFINITE_RECURSION = YES;
				CLANG_WARN_INT_CONVERSION = YES;
				CLANG_WARN_NON_LITERAL_NULL_CONVERSION = YES;
				CLANG_WARN_OBJC_IMPLICIT_RETAIN_SELF = YES;
				CLANG_WARN_OBJC_LITERAL_CONVERSION = YES;
				CLANG_WARN_OBJC_ROOT_CLASS = YES_ERROR;
				CLANG_WARN_QUOTED_INCLUDE_IN_FRAMEWORK_HEADER = YES;
				CLANG_WARN_RANGE_LOOP_ANALYSIS = YES;
				CLANG_WARN_STRICT_PROTOTYPES = YES;
				CLANG_WARN_SUSPICIOUS_MOVE = YES;
				CLANG_WARN_UNGUARDED_AVAILABILITY = YES_AGGRESSIVE;
				CLANG_WARN_UNREACHABLE_CODE = YES;
				CLANG_WARN__DUPLICATE_METHOD_MATCH = YES;
				COPY_PHASE_STRIP = NO;
				DEBUG_INFORMATION_FORMAT = "dwarf-with-dsym";
				ENABLE_NS_ASSERTIONS = NO;
				ENABLE_STRICT_OBJC_MSGSEND = YES;
				ENABLE_USER_SCRIPT_SANDBOXING = YES;
				GCC_C_LANGUAGE_STANDARD = gnu17;
				GCC_NO_COMMON_BLOCKS = YES;
				GCC_WARN_64_TO_32_BIT_CONVERSION = YES;
				GCC_WARN_ABOUT_RETURN_TYPE = YES_ERROR;
				GCC_WARN_UNDECLARED_SELECTOR = YES;
				GCC_WARN_UNINITIALIZED_AUTOS = YES_AGGRESSIVE;
				GCC_WARN_UNUSED_FUNCTION = YES;
				GCC_WARN_UNUSED_VARIABLE = YES;
				IPHONEOS_DEPLOYMENT_TARGET = 17.0;
				MTL_FAST_MATH = YES;
				SDKROOT = iphoneos;
				SWIFT_COMPILATION_MODE = wholemodule;
				SWIFT_OPTIMIZATION_LEVEL = "-O";
				VALIDATE_PRODUCT = YES;
			};
			name = Release;
		};
		3A2B3C4D5E6F7A8B9C0D1E7F /* Debug */ = {
			isa = XCBuildConfiguration;
			baseConfigurationReference = AA2B3C4D5E6F7A8B9C0D1E3F /* Config.xcconfig */;
			buildSettings = {
				CODE_SIGN_STYLE = Automatic;
				CURRENT_PROJECT_VERSION = 1;
				ENABLE_PREVIEWS = YES;
				GENERATE_INFOPLIST_FILE = NO;
				INFOPLIST_FILE = "Pantry-UI/Info.plist";
				LD_RUNPATH_SEARCH_PATHS = (
					"$(inherited)",
					"@executable_path/Frameworks",
				);
				MARKETING_VERSION = 1.0;
				PRODUCT_BUNDLE_IDENTIFIER = "com.sahildesai.Pantry";
				PRODUCT_NAME = "$(TARGET_NAME)";
				SWIFT_EMIT_LOC_STRINGS = YES;
				SWIFT_VERSION = 5.0;
				TARGETED_DEVICE_FAMILY = 1;
			};
			name = Debug;
		};
		4A2B3C4D5E6F7A8B9C0D1E7F /* Release */ = {
			isa = XCBuildConfiguration;
			baseConfigurationReference = AA2B3C4D5E6F7A8B9C0D1E3F /* Config.xcconfig */;
			buildSettings = {
				CODE_SIGN_STYLE = Automatic;
				CURRENT_PROJECT_VERSION = 1;
				ENABLE_PREVIEWS = YES;
				GENERATE_INFOPLIST_FILE = NO;
				INFOPLIST_FILE = "Pantry-UI/Info.plist";
				LD_RUNPATH_SEARCH_PATHS = (
					"$(inherited)",
					"@executable_path/Frameworks",
				);
				MARKETING_VERSION = 1.0;
				PRODUCT_BUNDLE_IDENTIFIER = "com.sahildesai.Pantry";
				PRODUCT_NAME = "$(TARGET_NAME)";
				SWIFT_EMIT_LOC_STRINGS = YES;
				SWIFT_VERSION = 5.0;
				TARGETED_DEVICE_FAMILY = 1;
			};
			name = Release;
		};
/* End XCBuildConfiguration section */

/* Begin XCConfigurationList section */
		1A2B3C4D5E6F7A8B9C0D1E8F /* Build configuration list for PBXProject "Pantry-UI" */ = {
			isa = XCConfigurationList;
			buildConfigurations = (
				1A2B3C4D5E6F7A8B9C0D1E7F /* Debug */,
				2A2B3C4D5E6F7A8B9C0D1E7F /* Release */,
			);
			defaultConfigurationIsVisible = 0;
			defaultConfigurationName = Release;
		};
		2A2B3C4D5E6F7A8B9C0D1E8F /* Build configuration list for PBXNativeTarget "Pantry-UI" */ = {
			isa = XCConfigurationList;
			buildConfigurations = (
				3A2B3C4D5E6F7A8B9C0D1E7F /* Debug */,
				4A2B3C4D5E6F7A8B9C0D1E7F /* Release */,
			);
			defaultConfigurationIsVisible = 0;
			defaultConfigurationName = Release;
		};
/* End XCConfigurationList section */

/* Begin XCRemoteSwiftPackageReference section */
		1A2B3C4D5E6F7A8B9C0D1EAF /* XCRemoteSwiftPackageReference "supabase-swift" */ = {
			isa = XCRemoteSwiftPackageReference;
			repositoryURL = "https://github.com/supabase/supabase-swift.git";
			requirement = {
				kind = upToNextMajorVersion;
				minimumVersion = 2.0.0;
			};
		};
/* End XCRemoteSwiftPackageReference section */

/* Begin XCSwiftPackageProductDependency section */
		2A2B3C4D5E6F7A8B9C0D1EAF /* Supabase */ = {
			isa = XCSwiftPackageProductDependency;
			package = 1A2B3C4D5E6F7A8B9C0D1EAF /* XCRemoteSwiftPackageReference "supabase-swift" */;
			productName = Supabase;
		};
/* End XCSwiftPackageProductDependency section */

	};
	rootObject = 1A2B3C4D5E6F7A8B9C0D1E9F /* Project object */;
}
